
Microsoft Visual Studio Solution File, Format Version 12.00
# Visual Studio 15
VisualStudioVersion = 15.0.26730.3
MinimumVisualStudioVersion = 10.0.40219.1
Project("{888888A0-9F3D-457C-B088-3A5042F75D52}") = "OpenCVBase", "OpenCVBase\OpenCVBase.pyproj", "{F48F6EFA-AB12-4148-AE45-AFA8B81BCF69}"
EndProject
Project("{888888A0-9F3D-457C-B088-3A5042F75D52}") = "ML-SimpleKnn", "ML-SimpleKnn\ML-SimpleKnn.pyproj", "{36441D4D-3328-4072-98D3-35239A390ED9}"
EndProject
Global
	GlobalSection(SolutionConfigurationPlatforms) = preSolution
		Debug|Any CPU = Debug|Any CPU
		Release|Any CPU = Release|Any CPU
	EndGlobalSection
	GlobalSection(ProjectConfigurationPlatforms) = postSolution
		{F48F6EFA-AB12-4148-AE45-AFA8B81BCF69}.Debug|Any CPU.ActiveCfg = Debug|Any CPU
		{F48F6EFA-AB12-4148-AE45-AFA8B81BCF69}.Release|Any CPU.ActiveCfg = Release|Any CPU
		{36441D4D-3328-4072-98D3-35239A390ED9}.Debug|Any CPU.ActiveCfg = Debug|Any CPU
		{36441D4D-3328-4072-98D3-35239A390ED9}.Release|Any CPU.ActiveCfg = Release|Any CPU
	EndGlobalSection
	GlobalSection(SolutionProperties) = preSolution
		HideSolutionNode = FALSE
	EndGlobalSection
	GlobalSection(ExtensibilityGlobals) = postSolution
		SolutionGuid = {75D1AFB4-7BB2-429E-862D-4410A830186C}
	EndGlobalSection
EndGlobal
